
Microsoft Visual Studio Solution File, Format Version 12.00
# Visual Studio Version 17
VisualStudioVersion = 17.14.36518.9 d17.14
MinimumVisualStudioVersion = 10.0.40219.1
Project("{FAE04EC0-301F-11D3-BF4B-00C04F79EFBC}") = "PRG282Project_PTA_19PM", "PRG282Project_PTA_19PM.csproj", "{A75B5277-25CC-47C3-92D2-481F5CCC3691}"
EndProject
Global
	GlobalSection(SolutionConfigurationPlatforms) = preSolution
		Debug|Any CPU = Debug|Any CPU
		Release|Any CPU = Release|Any CPU
	EndGlobalSection
	GlobalSection(ProjectConfigurationPlatforms) = postSolution
		{A75B5277-25CC-47C3-92D2-481F5CCC3691}.Debug|Any CPU.ActiveCfg = Debug|Any CPU
		{A75B5277-25CC-47C3-92D2-481F5CCC3691}.Debug|Any CPU.Build.0 = Debug|Any CPU
		{A75B5277-25CC-47C3-92D2-481F5CCC3691}.Release|Any CPU.ActiveCfg = Release|Any CPU
		{A75B5277-25CC-47C3-92D2-481F5CCC3691}.Release|Any CPU.Build.0 = Release|Any CPU
	EndGlobalSection
	GlobalSection(SolutionProperties) = preSolution
		HideSolutionNode = FALSE
	EndGlobalSection
	GlobalSection(ExtensibilityGlobals) = postSolution
		SolutionGuid = {DC699C6B-C564-4761-8970-E7C6064A1D4D}
	EndGlobalSection
EndGlobal
